// !$*UTF8*$!
{
	archiveVersion = 1;
	classes = {
	};
	objectVersion = 77;
	objects = {

/* Begin PBXBuildFile section */
		8451DAC92FA213300066BB54 /* Models.swift in Sources */ = {isa = PBXBuildFile; fileRef = 8451DAC02FA213300066BB54 /* Models.swift */; };
		8451DACA2FA213300066BB54 /* ContentView.swift in Sources */ = {isa = PBXBuildFile; fileRef = 8451DAC22FA213300066BB54 /* ContentView.swift */; };
		8451DACB2FA213300066BB54 /* ViewModel.swift in Sources */ = {isa = PBXBuildFile; fileRef = 8451DAC42FA213300066BB54 /* ViewModel.swift */; };
		8451DACC2FA213300066BB54 /* employeePredictionApp.swift in Sources */ = {isa = PBXBuildFile; fileRef = 8451DAC72FA213300066BB54 /* employeePredictionApp.swift */; };
		8451DAD22FA2134F0066BB54 /* Assets.xcassets in Resources */ = {isa = PBXBuildFile; fileRef = 8451DAD02FA2134F0066BB54 /* Assets.xcassets */; };
		8451DAD42FA213840066BB54 /* PredictionFormView.swift in Sources */ = {isa = PBXBuildFile; fileRef = 8451DAD32FA213830066BB54 /* PredictionFormView.swift */; };
		8451DAD62FA213DB0066BB54 /* ResultView.swift in Sources */ = {isa = PBXBuildFile; fileRef = 8451DAD52FA213D80066BB54 /* ResultView.swift */; };
		8451DAD82FA214010066BB54 /* InputField.swift in Sources */ = {isa = PBXBuildFile; fileRef = 8451DAD72FA214000066BB54 /* InputField.swift */; };
		8451DADC2FA214450066BB54 /* Extension.swift in Sources */ = {isa = PBXBuildFile; fileRef = 8451DADB2FA2143E0066BB54 /* Extension.swift */; };
		8451DADF2FA2149C0066BB54 /* employeePredictionTests.swift in Sources */ = {isa = PBXBuildFile; fileRef = 8451DADD2FA2149C0066BB54 /* employeePredictionTests.swift */; };
		8451DAE32FA2149F0066BB54 /* employeePredictionUITests.swift in Sources */ = {isa = PBXBuildFile; fileRef = 8451DAE02FA2149F0066BB54 /* employeePredictionUITests.swift */; };
		8451DAE42FA2149F0066BB54 /* employeePredictionUITestsLaunchTests.swift in Sources */ = {isa = PBXBuildFile; fileRef = 8451DAE12FA2149F0066BB54 /* employeePredictionUITestsLaunchTests.swift */; };
/* End PBXBuildFile section */

/* Begin PBXContainerItemProxy section */
		844480232F9FC7DE0009B0D0 /* PBXContainerItemProxy */ = {
			isa = PBXContainerItemProxy;
			containerPortal = 8444800D2F9FC7DD0009B0D0 /* Project object */;
			proxyType = 1;
			remoteGlobalIDString = 844480142F9FC7DD0009B0D0;
			remoteInfo = employeePrediction;
		};
		8444802D2F9FC7DE0009B0D0 /* PBXContainerItemProxy */ = {
			isa = PBXContainerItemProxy;
			containerPortal = 8444800D2F9FC7DD0009B0D0 /* Project object */;
			proxyType = 1;
			remoteGlobalIDString = 844480142F9FC7DD0009B0D0;
			remoteInfo = employeePrediction;
		};
/* End PBXContainerItemProxy section */

/* Begin PBXFileReference section */
		844480152F9FC7DD0009B0D0 /* employeePrediction.app */ = {isa = PBXFileReference; explicitFileType = wrapper.application; includeInIndex = 0; path = employeePrediction.app; sourceTree = BUILT_PRODUCTS_DIR; };
		844480222F9FC7DE0009B0D0 /* employeePredictionTests.xctest */ = {isa = PBXFileReference; explicitFileType = wrapper.cfbundle; includeInIndex = 0; path = employeePredictionTests.xctest; sourceTree = BUILT_PRODUCTS_DIR; };
		8444802C2F9FC7DE0009B0D0 /* employeePredictionUITests.xctest */ = {isa = PBXFileReference; explicitFileType = wrapper.cfbundle; includeInIndex = 0; path = employeePredictionUITests.xctest; sourceTree = BUILT_PRODUCTS_DIR; };
		8451DAC02FA213300066BB54 /* Models.swift */ = {isa = PBXFileReference; lastKnownFileType = sourcecode.swift; path = Models.swift; sourceTree = "<group>"; };
		8451DAC22FA213300066BB54 /* ContentView.swift */ = {isa = PBXFileReference; lastKnownFileType = sourcecode.swift; path = ContentView.swift; sourceTree = "<group>"; };
		8451DAC42FA213300066BB54 /* ViewModel.swift */ = {isa = PBXFileReference; lastKnownFileType = sourcecode.swift; path = ViewModel.swift; sourceTree = "<group>"; };
		8451DAC72FA213300066BB54 /* employeePredictionApp.swift */ = {isa = PBXFileReference; lastKnownFileType = sourcecode.swift; path = employeePredictionApp.swift; sourceTree = "<group>"; };
		8451DAD02FA2134F0066BB54 /* Assets.xcassets */ = {isa = PBXFileReference; lastKnownFileType = folder.assetcatalog; path = Assets.xcassets; sourceTree = "<group>"; };
		8451DAD32FA213830066BB54 /* PredictionFormView.swift */ = {isa = PBXFileReference; lastKnownFileType = sourcecode.swift; path = PredictionFormView.swift; sourceTree = "<group>"; };
		8451DAD52FA213D80066BB54 /* ResultView.swift */ = {isa = PBXFileReference; lastKnownFileType = sourcecode.swift; path = ResultView.swift; sourceTree = "<group>"; };
		8451DAD72FA214000066BB54 /* InputField.swift */ = {isa = PBXFileReference; lastKnownFileType = sourcecode.swift; path = InputField.swift; sourceTree = "<group>"; };
		8451DADB2FA2143E0066BB54 /* Extension.swift */ = {isa = PBXFileReference; lastKnownFileType = sourcecode.swift; path = Extension.swift; sourceTree = "<group>"; };
		8451DADD2FA2149C0066BB54 /* employeePredictionTests.swift */ = {isa = PBXFileReference; lastKnownFileType = sourcecode.swift; path = employeePredictionTests.swift; sourceTree = "<group>"; };
		8451DAE02FA2149F0066BB54 /* employeePredictionUITests.swift */ = {isa = PBXFileReference; lastKnownFileType = sourcecode.swift; path = employeePredictionUITests.swift; sourceTree = "<group>"; };
		8451DAE12FA2149F0066BB54 /* employeePredictionUITestsLaunchTests.swift */ = {isa = PBXFileReference; lastKnownFileType = sourcecode.swift; path = employeePredictionUITestsLaunchTests.swift; sourceTree = "<group>"; };
/* End PBXFileReference section */

/* Begin PBXFrameworksBuildPhase section */
		844480122F9FC7DD0009B0D0 /* Frameworks */ = {
			isa = PBXFrameworksBuildPhase;
			buildActionMask = 2147483647;
			files = (
			);
			runOnlyForDeploymentPostprocessing = 0;
		};
		8444801F2F9FC7DE0009B0D0 /* Frameworks */ = {
			isa = PBXFrameworksBuildPhase;
			buildActionMask = 2147483647;
			files = (
			);
			runOnlyForDeploymentPostprocessing = 0;
		};
		844480292F9FC7DE0009B0D0 /* Frameworks */ = {
			isa = PBXFrameworksBuildPhase;
			buildActionMask = 2147483647;
			files = (
			);
			runOnlyForDeploymentPostprocessing = 0;
		};
/* End PBXFrameworksBuildPhase section */

/* Begin PBXGroup section */
		8444800C2F9FC7DD0009B0D0 = {
			isa = PBXGroup;
			children = (
				8451DAC82FA213300066BB54 /* employeePrediction */,
				8451DADE2FA2149C0066BB54 /* employeePredictionTests */,
				8451DAE22FA2149F0066BB54 /* employeePredictionUITests */,
				844480162F9FC7DD0009B0D0 /* Products */,
			);
			sourceTree = "<group>";
		};
		844480162F9FC7DD0009B0D0 /* Products */ = {
			isa = PBXGroup;
			children = (
				844480152F9FC7DD0009B0D0 /* employeePrediction.app */,
				844480222F9FC7DE0009B0D0 /* employeePredictionTests.xctest */,
				8444802C2F9FC7DE0009B0D0 /* employeePredictionUITests.xctest */,
			);
			name = Products;
			sourceTree = "<group>";
		};
		8451DAC12FA213300066BB54 /* Model */ = {
			isa = PBXGroup;
			children = (
				8451DAC02FA213300066BB54 /* Models.swift */,
			);
			path = Model;
			sourceTree = "<group>";
		};
		8451DAC32FA213300066BB54 /* View */ = {
			isa = PBXGroup;
			children = (
				8451DAD52FA213D80066BB54 /* ResultView.swift */,
				8451DAD72FA214000066BB54 /* InputField.swift */,
				8451DAD32FA213830066BB54 /* PredictionFormView.swift */,
				8451DAC22FA213300066BB54 /* ContentView.swift */,
			);
			path = View;
			sourceTree = "<group>";
		};
		8451DAC52FA213300066BB54 /* ViewModel */ = {
			isa = PBXGroup;
			children = (
				8451DAC42FA213300066BB54 /* ViewModel.swift */,
			);
			path = ViewModel;
			sourceTree = "<group>";
		};
		8451DAC82FA213300066BB54 /* employeePrediction */ = {
			isa = PBXGroup;
			children = (
				8451DADA2FA214360066BB54 /* Extension */,
				8451DAD92FA2142C0066BB54 /* MVVM */,
				8451DAD12FA2134F0066BB54 /* Resources */,
				8451DACF2FA213470066BB54 /* Application */,
			);
			path = employeePrediction;
			sourceTree = "<group>";
		};
		8451DACF2FA213470066BB54 /* Application */ = {
			isa = PBXGroup;
			children = (
				8451DAC72FA213300066BB54 /* employeePredictionApp.swift */,
			);
			path = Application;
			sourceTree = "<group>";
		};
		8451DAD12FA2134F0066BB54 /* Resources */ = {
			isa = PBXGroup;
			children = (
				8451DAD02FA2134F0066BB54 /* Assets.xcassets */,
			);
			path = Resources;
			sourceTree = "<group>";
		};
		8451DAD92FA2142C0066BB54 /* MVVM */ = {
			isa = PBXGroup;
			children = (
				8451DAC12FA213300066BB54 /* Model */,
				8451DAC32FA213300066BB54 /* View */,
				8451DAC52FA213300066BB54 /* ViewModel */,
			);
			path = MVVM;
			sourceTree = "<group>";
		};
		8451DADA2FA214360066BB54 /* Extension */ = {
			isa = PBXGroup;
			children = (
				8451DADB2FA2143E0066BB54 /* Extension.swift */,
			);
			path = Extension;
			sourceTree = "<group>";
		};
		8451DADE2FA2149C0066BB54 /* employeePredictionTests */ = {
			isa = PBXGroup;
			children = (
				8451DADD2FA2149C0066BB54 /* employeePredictionTests.swift */,
			);
			path = employeePredictionTests;
			sourceTree = "<group>";
		};
		8451DAE22FA2149F0066BB54 /* employeePredictionUITests */ = {
			isa = PBXGroup;
			children = (
				8451DAE02FA2149F0066BB54 /* employeePredictionUITests.swift */,
				8451DAE12FA2149F0066BB54 /* employeePredictionUITestsLaunchTests.swift */,
			);
			path = employeePredictionUITests;
			sourceTree = "<group>";
		};
/* End PBXGroup section */

/* Begin PBXNativeTarget section */
		844480142F9FC7DD0009B0D0 /* employeePrediction */ = {
			isa = PBXNativeTarget;
			buildConfigurationList = 844480362F9FC7DE0009B0D0 /* Build configuration list for PBXNativeTarget "employeePrediction" */;
			buildPhases = (
				844480112F9FC7DD0009B0D0 /* Sources */,
				844480122F9FC7DD0009B0D0 /* Frameworks */,
				844480132F9FC7DD0009B0D0 /* Resources */,
			);
			buildRules = (
			);
			dependencies = (
			);
			name = employeePrediction;
			packageProductDependencies = (
			);
			productName = employeePrediction;
			productReference = 844480152F9FC7DD0009B0D0 /* employeePrediction.app */;
			productType = "com.apple.product-type.application";
		};
		844480212F9FC7DE0009B0D0 /* employeePredictionTests */ = {
			isa = PBXNativeTarget;
			buildConfigurationList = 844480392F9FC7DE0009B0D0 /* Build configuration list for PBXNativeTarget "employeePredictionTests" */;
			buildPhases = (
				8444801E2F9FC7DE0009B0D0 /* Sources */,
				8444801F2F9FC7DE0009B0D0 /* Frameworks */,
				844480202F9FC7DE0009B0D0 /* Resources */,
			);
			buildRules = (
			);
			dependencies = (
				844480242F9FC7DE0009B0D0 /* PBXTargetDependency */,
			);
			name = employeePredictionTests;
			packageProductDependencies = (
			);
			productName = employeePredictionTests;
			productReference = 844480222F9FC7DE0009B0D0 /* employeePredictionTests.xctest */;
			productType = "com.apple.product-type.bundle.unit-test";
		};
		8444802B2F9FC7DE0009B0D0 /* employeePredictionUITests */ = {
			isa = PBXNativeTarget;
			buildConfigurationList = 8444803C2F9FC7DE0009B0D0 /* Build configuration list for PBXNativeTarget "employeePredictionUITests" */;
			buildPhases = (
				844480282F9FC7DE0009B0D0 /* Sources */,
				844480292F9FC7DE0009B0D0 /* Frameworks */,
				8444802A2F9FC7DE0009B0D0 /* Resources */,
			);
			buildRules = (
			);
			dependencies = (
				8444802E2F9FC7DE0009B0D0 /* PBXTargetDependency */,
			);
			name = employeePredictionUITests;
			packageProductDependencies = (
			);
			productName = employeePredictionUITests;
			productReference = 8444802C2F9FC7DE0009B0D0 /* employeePredictionUITests.xctest */;
			productType = "com.apple.product-type.bundle.ui-testing";
		};
/* End PBXNativeTarget section */

/* Begin PBXProject section */
		8444800D2F9FC7DD0009B0D0 /* Project object */ = {
			isa = PBXProject;
			attributes = {
				BuildIndependentTargetsInParallel = 1;
				LastSwiftUpdateCheck = 2600;
				LastUpgradeCheck = 2600;
				TargetAttributes = {
					844480142F9FC7DD0009B0D0 = {
						CreatedOnToolsVersion = 26.0;
					};
					844480212F9FC7DE0009B0D0 = {
						CreatedOnToolsVersion = 26.0;
						TestTargetID = 844480142F9FC7DD0009B0D0;
					};
					8444802B2F9FC7DE0009B0D0 = {
						CreatedOnToolsVersion = 26.0;
						TestTargetID = 844480142F9FC7DD0009B0D0;
					};
				};
			};
			buildConfigurationList = 844480102F9FC7DD0009B0D0 /* Build configuration list for PBXProject "employeePrediction" */;
			developmentRegion = en;
			hasScannedForEncodings = 0;
			knownRegions = (
				en,
				Base,
			);
			mainGroup = 8444800C2F9FC7DD0009B0D0;
			minimizedProjectReferenceProxies = 1;
			preferredProjectObjectVersion = 77;
			productRefGroup = 844480162F9FC7DD0009B0D0 /* Products */;
			projectDirPath = "";
			projectRoot = "";
			targets = (
				844480142F9FC7DD0009B0D0 /* employeePrediction */,
				844480212F9FC7DE0009B0D0 /* employeePredictionTests */,
				8444802B2F9FC7DE0009B0D0 /* employeePredictionUITests */,
			);
		};
/* End PBXProject section */

/* Begin PBXResourcesBuildPhase section */
		844480132F9FC7DD0009B0D0 /* Resources */ = {
			isa = PBXResourcesBuildPhase;
			buildActionMask = 2147483647;
			files = (
				8451DAD22FA2134F0066BB54 /* Assets.xcassets in Resources */,
			);
			runOnlyForDeploymentPostprocessing = 0;
		};
		844480202F9FC7DE0009B0D0 /* Resources */ = {
			isa = PBXResourcesBuildPhase;
			buildActionMask = 2147483647;
			files = (
			);
			runOnlyForDeploymentPostprocessing = 0;
		};
		8444802A2F9FC7DE0009B0D0 /* Resources */ = {
			isa = PBXResourcesBuildPhase;
			buildActionMask = 2147483647;
			files = (
			);
			runOnlyForDeploymentPostprocessing = 0;
		};
/* End PBXResourcesBuildPhase section */

/* Begin PBXSourcesBuildPhase section */
		844480112F9FC7DD0009B0D0 /* Sources */ = {
			isa = PBXSourcesBuildPhase;
			buildActionMask = 2147483647;
			files = (
				8451DAD62FA213DB0066BB54 /* ResultView.swift in Sources */,
				8451DAC92FA213300066BB54 /* Models.swift in Sources */,
				8451DACA2FA213300066BB54 /* ContentView.swift in Sources */,
				8451DAD82FA214010066BB54 /* InputField.swift in Sources */,
				8451DACB2FA213300066BB54 /* ViewModel.swift in Sources */,
				8451DACC2FA213300066BB54 /* employeePredictionApp.swift in Sources */,
				8451DAD42FA213840066BB54 /* PredictionFormView.swift in Sources */,
				8451DADC2FA214450066BB54 /* Extension.swift in Sources */,
			);
			runOnlyForDeploymentPostprocessing = 0;
		};
		8444801E2F9FC7DE0009B0D0 /* Sources */ = {
			isa = PBXSourcesBuildPhase;
			buildActionMask = 2147483647;
			files = (
				8451DADF2FA2149C0066BB54 /* employeePredictionTests.swift in Sources */,
			);
			runOnlyForDeploymentPostprocessing = 0;
		};
		844480282F9FC7DE0009B0D0 /* Sources */ = {
			isa = PBXSourcesBuildPhase;
			buildActionMask = 2147483647;
			files = (
				8451DAE32FA2149F0066BB54 /* employeePredictionUITests.swift in Sources */,
				8451DAE42FA2149F0066BB54 /* employeePredictionUITestsLaunchTests.swift in Sources */,
			);
			runOnlyForDeploymentPostprocessing = 0;
		};
/* End PBXSourcesBuildPhase section */

/* Begin PBXTargetDependency section */
		844480242F9FC7DE0009B0D0 /* PBXTargetDependency */ = {
			isa = PBXTargetDependency;
			target = 844480142F9FC7DD0009B0D0 /* employeePrediction */;
			targetProxy = 844480232F9FC7DE0009B0D0 /* PBXContainerItemProxy */;
		};
		8444802E2F9FC7DE0009B0D0 /* PBXTargetDependency */ = {
			isa = PBXTargetDependency;
			target = 844480142F9FC7DD0009B0D0 /* employeePrediction */;
			targetProxy = 8444802D2F9FC7DE0009B0D0 /* PBXContainerItemProxy */;
		};
/* End PBXTargetDependency section */

/* Begin XCBuildConfiguration section */
		844480342F9FC7DE0009B0D0 /* Debug */ = {
			isa = XCBuildConfiguration;
			buildSettings = {
				ALWAYS_SEARCH_USER_PATHS = NO;
				ASSETCATALOG_COMPILER_GENERATE_SWIFT_ASSET_SYMBOL_EXTENSIONS = YES;
				CLANG_ANALYZER_NONNULL = YES;
				CLANG_ANALYZER_NUMBER_OBJECT_CONVERSION = YES_AGGRESSIVE;
				CLANG_CXX_LANGUAGE_STANDARD = "gnu++20";
				CLANG_ENABLE_MODULES = YES;
				CLANG_ENABLE_OBJC_ARC = YES;
				CLANG_ENABLE_OBJC_WEAK = YES;
				CLANG_WARN_BLOCK_CAPTURE_AUTORELEASING = YES;
				CLANG_WARN_BOOL_CONVERSION = YES;
				CLANG_WARN_COMMA = YES;
				CLANG_WARN_CONSTANT_CONVERSION = YES;
				CLANG_WARN_DEPRECATED_OBJC_IMPLEMENTATIONS = YES;
				CLANG_WARN_DIRECT_OBJC_ISA_USAGE = YES_ERROR;
				CLANG_WARN_DOCUMENTATION_COMMENTS = YES;
				CLANG_WARN_EMPTY_BODY = YES;
				CLANG_WARN_ENUM_CONVERSION = YES;
				CLANG_WARN_INFINITE_RECURSION = YES;
				CLANG_WARN_INT_CONVERSION = YES;
				CLANG_WARN_NON_LITERAL_NULL_CONVERSION = YES;
				CLANG_WARN_OBJC_IMPLICIT_RETAIN_SELF = YES;
				CLANG_WARN_OBJC_LITERAL_CONVERSION = YES;
				CLANG_WARN_OBJC_ROOT_CLASS = YES_ERROR;
				CLANG_WARN_QUOTED_INCLUDE_IN_FRAMEWORK_HEADER = YES;
				CLANG_WARN_RANGE_LOOP_ANALYSIS = YES;
				CLANG_WARN_STRICT_PROTOTYPES = YES;
				CLANG_WARN_SUSPICIOUS_MOVE = YES;
				CLANG_WARN_UNGUARDED_AVAILABILITY = YES_AGGRESSIVE;
				CLANG_WARN_UNREACHABLE_CODE = YES;
				CLANG_WARN__DUPLICATE_METHOD_MATCH = YES;
				COPY_PHASE_STRIP = NO;
				DEBUG_INFORMATION_FORMAT = dwarf;
				ENABLE_STRICT_OBJC_MSGSEND = YES;
				ENABLE_TESTABILITY = YES;
				ENABLE_USER_SCRIPT_SANDBOXING = YES;
				GCC_C_LANGUAGE_STANDARD = gnu17;
				GCC_DYNAMIC_NO_PIC = NO;
				GCC_NO_COMMON_BLOCKS = YES;
				GCC_OPTIMIZATION_LEVEL = 0;
				GCC_PREPROCESSOR_DEFINITIONS = (
					"DEBUG=1",
					"$(inherited)",
				);
				GCC_WARN_64_TO_32_BIT_CONVERSION = YES;
				GCC_WARN_ABOUT_RETURN_TYPE = YES_ERROR;
				GCC_WARN_UNDECLARED_SELECTOR = YES;
				GCC_WARN_UNINITIALIZED_AUTOS = YES_AGGRESSIVE;
				GCC_WARN_UNUSED_FUNCTION = YES;
				GCC_WARN_UNUSED_VARIABLE = YES;
				IPHONEOS_DEPLOYMENT_TARGET = 26.0;
				LOCALIZATION_PREFERS_STRING_CATALOGS = YES;
				MTL_ENABLE_DEBUG_INFO = INCLUDE_SOURCE;
				MTL_FAST_MATH = YES;
				ONLY_ACTIVE_ARCH = YES;
				SDKROOT = iphoneos;
				SWIFT_ACTIVE_COMPILATION_CONDITIONS = "DEBUG $(inherited)";
				SWIFT_OPTIMIZATION_LEVEL = "-Onone";
			};
			name = Debug;
		};
		844480352F9FC7DE0009B0D0 /* Release */ = {
			isa = XCBuildConfiguration;
			buildSettings = {
				ALWAYS_SEARCH_USER_PATHS = NO;
				ASSETCATALOG_COMPILER_GENERATE_SWIFT_ASSET_SYMBOL_EXTENSIONS = YES;
				CLANG_ANALYZER_NONNULL = YES;
				CLANG_ANALYZER_NUMBER_OBJECT_CONVERSION = YES_AGGRESSIVE;
				CLANG_CXX_LANGUAGE_STANDARD = "gnu++20";
				CLANG_ENABLE_MODULES = YES;
				CLANG_ENABLE_OBJC_ARC = YES;
				CLANG_ENABLE_OBJC_WEAK = YES;
				CLANG_WARN_BLOCK_CAPTURE_AUTORELEASING = YES;
				CLANG_WARN_BOOL_CONVERSION = YES;
				CLANG_WARN_COMMA = YES;
				CLANG_WARN_CONSTANT_CONVERSION = YES;
				CLANG_WARN_DEPRECATED_OBJC_IMPLEMENTATIONS = YES;
				CLANG_WARN_DIRECT_OBJC_ISA_USAGE = YES_ERROR;
				CLANG_WARN_DOCUMENTATION_COMMENTS = YES;
				CLANG_WARN_EMPTY_BODY = YES;
				CLANG_WARN_ENUM_CONVERSION = YES;
				CLANG_WARN_INFINITE_RECURSION = YES;
				CLANG_WARN_INT_CONVERSION = YES;
				CLANG_WARN_NON_LITERAL_NULL_CONVERSION = YES;
				CLANG_WARN_OBJC_IMPLICIT_RETAIN_SELF = YES;
				CLANG_WARN_OBJC_LITERAL_CONVERSION = YES;
				CLANG_WARN_OBJC_ROOT_CLASS = YES_ERROR;
				CLANG_WARN_QUOTED_INCLUDE_IN_FRAMEWORK_HEADER = YES;
				CLANG_WARN_RANGE_LOOP_ANALYSIS = YES;
				CLANG_WARN_STRICT_PROTOTYPES = YES;
				CLANG_WARN_SUSPICIOUS_MOVE = YES;
				CLANG_WARN_UNGUARDED_AVAILABILITY = YES_AGGRESSIVE;
				CLANG_WARN_UNREACHABLE_CODE = YES;
				CLANG_WARN__DUPLICATE_METHOD_MATCH = YES;
				COPY_PHASE_STRIP = NO;
				DEBUG_INFORMATION_FORMAT = "dwarf-with-dsym";
				ENABLE_NS_ASSERTIONS = NO;
				ENABLE_STRICT_OBJC_MSGSEND = YES;
				ENABLE_USER_SCRIPT_SANDBOXING = YES;
				GCC_C_LANGUAGE_STANDARD = gnu17;
				GCC_NO_COMMON_BLOCKS = YES;
				GCC_WARN_64_TO_32_BIT_CONVERSION = YES;
				GCC_WARN_ABOUT_RETURN_TYPE = YES_ERROR;
				GCC_WARN_UNDECLARED_SELECTOR = YES;
				GCC_WARN_UNINITIALIZED_AUTOS = YES_AGGRESSIVE;
				GCC_WARN_UNUSED_FUNCTION = YES;
				GCC_WARN_UNUSED_VARIABLE = YES;
				IPHONEOS_DEPLOYMENT_TARGET = 26.0;
				LOCALIZATION_PREFERS_STRING_CATALOGS = YES;
				MTL_ENABLE_DEBUG_INFO = NO;
				MTL_FAST_MATH = YES;
				SDKROOT = iphoneos;
				SWIFT_COMPILATION_MODE = wholemodule;
				VALIDATE_PRODUCT = YES;
			};
			name = Release;
		};
		844480372F9FC7DE0009B0D0 /* Debug */ = {
			isa = XCBuildConfiguration;
			buildSettings = {
				ASSETCATALOG_COMPILER_APPICON_NAME = AppIcon;
				ASSETCATALOG_COMPILER_GLOBAL_ACCENT_COLOR_NAME = AccentColor;
				CODE_SIGN_STYLE = Automatic;
				CURRENT_PROJECT_VERSION = 1;
				ENABLE_PREVIEWS = YES;
				GENERATE_INFOPLIST_FILE = YES;
				INFOPLIST_KEY_UIApplicationSceneManifest_Generation = YES;
				INFOPLIST_KEY_UIApplicationSupportsIndirectInputEvents = YES;
				INFOPLIST_KEY_UILaunchScreen_Generation = YES;
				INFOPLIST_KEY_UISupportedInterfaceOrientations_iPad = "UIInterfaceOrientationPortrait UIInterfaceOrientationPortraitUpsideDown UIInterfaceOrientationLandscapeLeft UIInterfaceOrientationLandscapeRight";
				INFOPLIST_KEY_UISupportedInterfaceOrientations_iPhone = "UIInterfaceOrientationPortrait UIInterfaceOrientationLandscapeLeft UIInterfaceOrientationLandscapeRight";
				LD_RUNPATH_SEARCH_PATHS = (
					"$(inherited)",
					"@executable_path/Frameworks",
				);
				MARKETING_VERSION = 1.0;
				PRODUCT_BUNDLE_IDENTIFIER = com.app.employeePrediction;
				PRODUCT_NAME = "$(TARGET_NAME)";
				STRING_CATALOG_GENERATE_SYMBOLS = YES;
				SWIFT_APPROACHABLE_CONCURRENCY = YES;
				SWIFT_DEFAULT_ACTOR_ISOLATION = MainActor;
				SWIFT_EMIT_LOC_STRINGS = YES;
				SWIFT_UPCOMING_FEATURE_MEMBER_IMPORT_VISIBILITY = YES;
				SWIFT_VERSION = 5.0;
				TARGETED_DEVICE_FAMILY = "1,2";
			};
			name = Debug;
		};
		844480382F9FC7DE0009B0D0 /* Release */ = {
			isa = XCBuildConfiguration;
			buildSettings = {
				ASSETCATALOG_COMPILER_APPICON_NAME = AppIcon;
				ASSETCATALOG_COMPILER_GLOBAL_ACCENT_COLOR_NAME = AccentColor;
				CODE_SIGN_STYLE = Automatic;
				CURRENT_PROJECT_VERSION = 1;
				ENABLE_PREVIEWS = YES;
				GENERATE_INFOPLIST_FILE = YES;
				INFOPLIST_KEY_UIApplicationSceneManifest_Generation = YES;
				INFOPLIST_KEY_UIApplicationSupportsIndirectInputEvents = YES;
				INFOPLIST_KEY_UILaunchScreen_Generation = YES;
				INFOPLIST_KEY_UISupportedInterfaceOrientations_iPad = "UIInterfaceOrientationPortrait UIInterfaceOrientationPortraitUpsideDown UIInterfaceOrientationLandscapeLeft UIInterfaceOrientationLandscapeRight";
				INFOPLIST_KEY_UISupportedInterfaceOrientations_iPhone = "UIInterfaceOrientationPortrait UIInterfaceOrientationLandscapeLeft UIInterfaceOrientationLandscapeRight";
				LD_RUNPATH_SEARCH_PATHS = (
					"$(inherited)",
					"@executable_path/Frameworks",
				);
				MARKETING_VERSION = 1.0;
				PRODUCT_BUNDLE_IDENTIFIER = com.app.employeePrediction;
				PRODUCT_NAME = "$(TARGET_NAME)";
				STRING_CATALOG_GENERATE_SYMBOLS = YES;
				SWIFT_APPROACHABLE_CONCURRENCY = YES;
				SWIFT_DEFAULT_ACTOR_ISOLATION = MainActor;
				SWIFT_EMIT_LOC_STRINGS = YES;
				SWIFT_UPCOMING_FEATURE_MEMBER_IMPORT_VISIBILITY = YES;
				SWIFT_VERSION = 5.0;
				TARGETED_DEVICE_FAMILY = "1,2";
			};
			name = Release;
		};
		8444803A2F9FC7DE0009B0D0 /* Debug */ = {
			isa = XCBuildConfiguration;
			buildSettings = {
				BUNDLE_LOADER = "$(TEST_HOST)";
				CODE_SIGN_STYLE = Automatic;
				CURRENT_PROJECT_VERSION = 1;
				GENERATE_INFOPLIST_FILE = YES;
				IPHONEOS_DEPLOYMENT_TARGET = 26.0;
				MARKETING_VERSION = 1.0;
				PRODUCT_BUNDLE_IDENTIFIER = com.app.employeePredictionTests;
				PRODUCT_NAME = "$(TARGET_NAME)";
				STRING_CATALOG_GENERATE_SYMBOLS = NO;
				SWIFT_APPROACHABLE_CONCURRENCY = YES;
				SWIFT_EMIT_LOC_STRINGS = NO;
				SWIFT_UPCOMING_FEATURE_MEMBER_IMPORT_VISIBILITY = YES;
				SWIFT_VERSION = 5.0;
				TARGETED_DEVICE_FAMILY = "1,2";
				TEST_HOST = "$(BUILT_PRODUCTS_DIR)/employeePrediction.app/$(BUNDLE_EXECUTABLE_FOLDER_PATH)/employeePrediction";
			};
			name = Debug;
		};
		8444803B2F9FC7DE0009B0D0 /* Release */ = {
			isa = XCBuildConfiguration;
			buildSettings = {
				BUNDLE_LOADER = "$(TEST_HOST)";
				CODE_SIGN_STYLE = Automatic;
				CURRENT_PROJECT_VERSION = 1;
				GENERATE_INFOPLIST_FILE = YES;
				IPHONEOS_DEPLOYMENT_TARGET = 26.0;
				MARKETING_VERSION = 1.0;
				PRODUCT_BUNDLE_IDENTIFIER = com.app.employeePredictionTests;
				PRODUCT_NAME = "$(TARGET_NAME)";
				STRING_CATALOG_GENERATE_SYMBOLS = NO;
				SWIFT_APPROACHABLE_CONCURRENCY = YES;
				SWIFT_EMIT_LOC_STRINGS = NO;
				SWIFT_UPCOMING_FEATURE_MEMBER_IMPORT_VISIBILITY = YES;
				SWIFT_VERSION = 5.0;
				TARGETED_DEVICE_FAMILY = "1,2";
				TEST_HOST = "$(BUILT_PRODUCTS_DIR)/employeePrediction.app/$(BUNDLE_EXECUTABLE_FOLDER_PATH)/employeePrediction";
			};
			name = Release;
		};
		8444803D2F9FC7DE0009B0D0 /* Debug */ = {
			isa = XCBuildConfiguration;
			buildSettings = {
				CODE_SIGN_STYLE = Automatic;
				CURRENT_PROJECT_VERSION = 1;
				GENERATE_INFOPLIST_FILE = YES;
				MARKETING_VERSION = 1.0;
				PRODUCT_BUNDLE_IDENTIFIER = com.app.employeePredictionUITests;
				PRODUCT_NAME = "$(TARGET_NAME)";
				STRING_CATALOG_GENERATE_SYMBOLS = NO;
				SWIFT_APPROACHABLE_CONCURRENCY = YES;
				SWIFT_EMIT_LOC_STRINGS = NO;
				SWIFT_UPCOMING_FEATURE_MEMBER_IMPORT_VISIBILITY = YES;
				SWIFT_VERSION = 5.0;
				TARGETED_DEVICE_FAMILY = "1,2";
				TEST_TARGET_NAME = employeePrediction;
			};
			name = Debug;
		};
		8444803E2F9FC7DE0009B0D0 /* Release */ = {
			isa = XCBuildConfiguration;
			buildSettings = {
				CODE_SIGN_STYLE = Automatic;
				CURRENT_PROJECT_VERSION = 1;
				GENERATE_INFOPLIST_FILE = YES;
				MARKETING_VERSION = 1.0;
				PRODUCT_BUNDLE_IDENTIFIER = com.app.employeePredictionUITests;
				PRODUCT_NAME = "$(TARGET_NAME)";
				STRING_CATALOG_GENERATE_SYMBOLS = NO;
				SWIFT_APPROACHABLE_CONCURRENCY = YES;
				SWIFT_EMIT_LOC_STRINGS = NO;
				SWIFT_UPCOMING_FEATURE_MEMBER_IMPORT_VISIBILITY = YES;
				SWIFT_VERSION = 5.0;
				TARGETED_DEVICE_FAMILY = "1,2";
				TEST_TARGET_NAME = employeePrediction;
			};
			name = Release;
		};
/* End XCBuildConfiguration section */

/* Begin XCConfigurationList section */
		844480102F9FC7DD0009B0D0 /* Build configuration list for PBXProject "employeePrediction" */ = {
			isa = XCConfigurationList;
			buildConfigurations = (
				844480342F9FC7DE0009B0D0 /* Debug */,
				844480352F9FC7DE0009B0D0 /* Release */,
			);
			defaultConfigurationIsVisible = 0;
			defaultConfigurationName = Release;
		};
		844480362F9FC7DE0009B0D0 /* Build configuration list for PBXNativeTarget "employeePrediction" */ = {
			isa = XCConfigurationList;
			buildConfigurations = (
				844480372F9FC7DE0009B0D0 /* Debug */,
				844480382F9FC7DE0009B0D0 /* Release */,
			);
			defaultConfigurationIsVisible = 0;
			defaultConfigurationName = Release;
		};
		844480392F9FC7DE0009B0D0 /* Build configuration list for PBXNativeTarget "employeePredictionTests" */ = {
			isa = XCConfigurationList;
			buildConfigurations = (
				8444803A2F9FC7DE0009B0D0 /* Debug */,
				8444803B2F9FC7DE0009B0D0 /* Release */,
			);
			defaultConfigurationIsVisible = 0;
			defaultConfigurationName = Release;
		};
		8444803C2F9FC7DE0009B0D0 /* Build configuration list for PBXNativeTarget "employeePredictionUITests" */ = {
			isa = XCConfigurationList;
			buildConfigurations = (
				8444803D2F9FC7DE0009B0D0 /* Debug */,
				8444803E2F9FC7DE0009B0D0 /* Release */,
			);
			defaultConfigurationIsVisible = 0;
			defaultConfigurationName = Release;
		};
/* End XCConfigurationList section */
	};
	rootObject = 8444800D2F9FC7DD0009B0D0 /* Project object */;
}
